// !$*UTF8*$!
{
	archiveVersion = 1;
	classes = {
	};
	objectVersion = 46;
	objects = {

/* Begin PBXBuildFile section */
		2543650C99DC3FC1759EE57C /* Pods_instant_recallUITests.framework in Frameworks */ = {isa = PBXBuildFile; fileRef = BEB171A38C33FF29F9222DED /* Pods_instant_recallUITests.framework */; };
		31F720270C140DECD2CCCA3A /* Pods_instant_recall.framework in Frameworks */ = {isa = PBXBuildFile; fileRef = 6F04639103A3056982A6DA7A /* Pods_instant_recall.framework */; };
		BE39FBFC96386F202D5531A6 /* Pods_instant_recallTests.framework in Frameworks */ = {isa = PBXBuildFile; fileRef = F164FE714EB17675CEAFCE12 /* Pods_instant_recallTests.framework */; };
		C8075D491D2D153B00ABACDB /* instant-recall-answers.json in Resources */ = {isa = PBXBuildFile; fileRef = C8075D481D2D153B00ABACDB /* instant-recall-answers.json */; };
		C81B528D1D2BEBC300074D55 /* QuestionVC.swift in Sources */ = {isa = PBXBuildFile; fileRef = C81B528C1D2BEBC300074D55 /* QuestionVC.swift */; };
		C88C0B8F1D2D584500C6B9CE /* ResultsVC.swift in Sources */ = {isa = PBXBuildFile; fileRef = C88C0B8E1D2D584500C6B9CE /* ResultsVC.swift */; };
		C88C0B911D2D618300C6B9CE /* QuestionSet.swift in Sources */ = {isa = PBXBuildFile; fileRef = C88C0B901D2D618300C6B9CE /* QuestionSet.swift */; };
		C8D92CE11D2B339700ABF0A5 /* DataService.swift in Sources */ = {isa = PBXBuildFile; fileRef = C8D92CE01D2B339700ABF0A5 /* DataService.swift */; };
		C8D92CE41D2BA97D00ABF0A5 /* Constants.swift in Sources */ = {isa = PBXBuildFile; fileRef = C8D92CE31D2BA97D00ABF0A5 /* Constants.swift */; };
		C8D92CE61D2BAC5200ABF0A5 /* QuestionCollection.swift in Sources */ = {isa = PBXBuildFile; fileRef = C8D92CE51D2BAC5200ABF0A5 /* QuestionCollection.swift */; };
		C8D92CE81D2BCF5B00ABF0A5 /* TableSelectionVC.swift in Sources */ = {isa = PBXBuildFile; fileRef = C8D92CE71D2BCF5B00ABF0A5 /* TableSelectionVC.swift */; };
		C8D92CEA1D2BD43900ABF0A5 /* TableOptionCell.swift in Sources */ = {isa = PBXBuildFile; fileRef = C8D92CE91D2BD43900ABF0A5 /* TableOptionCell.swift */; };
		C8E791E51D2ACE8000A02E03 /* AppDelegate.swift in Sources */ = {isa = PBXBuildFile; fileRef = C8E791E41D2ACE8000A02E03 /* AppDelegate.swift */; };
		C8E791E71D2ACE8000A02E03 /* MainMenuVC.swift in Sources */ = {isa = PBXBuildFile; fileRef = C8E791E61D2ACE8000A02E03 /* MainMenuVC.swift */; };
		C8E791EA1D2ACE8000A02E03 /* Main.storyboard in Resources */ = {isa = PBXBuildFile; fileRef = C8E791E81D2ACE8000A02E03 /* Main.storyboard */; };
		C8E791EC1D2ACE8000A02E03 /* Assets.xcassets in Resources */ = {isa = PBXBuildFile; fileRef = C8E791EB1D2ACE8000A02E03 /* Assets.xcassets */; };
		C8E791EF1D2ACE8000A02E03 /* LaunchScreen.storyboard in Resources */ = {isa = PBXBuildFile; fileRef = C8E791ED1D2ACE8000A02E03 /* LaunchScreen.storyboard */; };
		C8E791FA1D2ACE8000A02E03 /* instant_recallTests.swift in Sources */ = {isa = PBXBuildFile; fileRef = C8E791F91D2ACE8000A02E03 /* instant_recallTests.swift */; };
		C8E792051D2ACE8000A02E03 /* instant_recallUITests.swift in Sources */ = {isa = PBXBuildFile; fileRef = C8E792041D2ACE8000A02E03 /* instant_recallUITests.swift */; };
		C8E792131D2AD09C00A02E03 /* GoogleService-Info.plist in Resources */ = {isa = PBXBuildFile; fileRef = C8E792121D2AD09C00A02E03 /* GoogleService-Info.plist */; };
		C8F6103D1D2C9CE8006F4380 /* ArrayShuffle.swift in Sources */ = {isa = PBXBuildFile; fileRef = C8F6103C1D2C9CE8006F4380 /* ArrayShuffle.swift */; };
/* End PBXBuildFile section */

/* Begin PBXContainerItemProxy section */
		C8E791F61D2ACE8000A02E03 /* PBXContainerItemProxy */ = {
			isa = PBXContainerItemProxy;
			containerPortal = C8E791D91D2ACE7F00A02E03 /* Project object */;
			proxyType = 1;
			remoteGlobalIDString = C8E791E01D2ACE7F00A02E03;
			remoteInfo = "instant-recall";
		};
		C8E792011D2ACE8000A02E03 /* PBXContainerItemProxy */ = {
			isa = PBXContainerItemProxy;
			containerPortal = C8E791D91D2ACE7F00A02E03 /* Project object */;
			proxyType = 1;
			remoteGlobalIDString = C8E791E01D2ACE7F00A02E03;
			remoteInfo = "instant-recall";
		};
/* End PBXContainerItemProxy section */

/* Begin PBXFileReference section */
		2B6FFFD8C56E7BC0FA020545 /* Pods-instant-recall.debug.xcconfig */ = {isa = PBXFileReference; includeInIndex = 1; lastKnownFileType = text.xcconfig; name = "Pods-instant-recall.debug.xcconfig"; path = "Pods/Target Support Files/Pods-instant-recall/Pods-instant-recall.debug.xcconfig"; sourceTree = "<group>"; };
		3C08C3092EF07CA25A9BDC86 /* Pods-instant-recallTests.debug.xcconfig */ = {isa = PBXFileReference; includeInIndex = 1; lastKnownFileType = text.xcconfig; name = "Pods-instant-recallTests.debug.xcconfig"; path = "Pods/Target Support Files/Pods-instant-recallTests/Pods-instant-recallTests.debug.xcconfig"; sourceTree = "<group>"; };
		47AED7D5A7EFE71B4684E62E /* Pods-instant-recallUITests.release.xcconfig */ = {isa = PBXFileReference; includeInIndex = 1; lastKnownFileType = text.xcconfig; name = "Pods-instant-recallUITests.release.xcconfig"; path = "Pods/Target Support Files/Pods-instant-recallUITests/Pods-instant-recallUITests.release.xcconfig"; sourceTree = "<group>"; };
		6F04639103A3056982A6DA7A /* Pods_instant_recall.framework */ = {isa = PBXFileReference; explicitFileType = wrapper.framework; includeInIndex = 0; path = Pods_instant_recall.framework; sourceTree = BUILT_PRODUCTS_DIR; };
		9760694764C0F3385605A054 /* Pods-instant-recallUITests.debug.xcconfig */ = {isa = PBXFileReference; includeInIndex = 1; lastKnownFileType = text.xcconfig; name = "Pods-instant-recallUITests.debug.xcconfig"; path = "Pods/Target Support Files/Pods-instant-recallUITests/Pods-instant-recallUITests.debug.xcconfig"; sourceTree = "<group>"; };
		A53DC8F33551ADB456331D81 /* Pods-instant-recallTests.release.xcconfig */ = {isa = PBXFileReference; includeInIndex = 1; lastKnownFileType = text.xcconfig; name = "Pods-instant-recallTests.release.xcconfig"; path = "Pods/Target Support Files/Pods-instant-recallTests/Pods-instant-recallTests.release.xcconfig"; sourceTree = "<group>"; };
		BEB171A38C33FF29F9222DED /* Pods_instant_recallUITests.framework */ = {isa = PBXFileReference; explicitFileType = wrapper.framework; includeInIndex = 0; path = Pods_instant_recallUITests.framework; sourceTree = BUILT_PRODUCTS_DIR; };
		C8075D481D2D153B00ABACDB /* instant-recall-answers.json */ = {isa = PBXFileReference; fileEncoding = 4; lastKnownFileType = text.json; path = "instant-recall-answers.json"; sourceTree = "<group>"; };
		C81B528C1D2BEBC300074D55 /* QuestionVC.swift */ = {isa = PBXFileReference; fileEncoding = 4; lastKnownFileType = sourcecode.swift; path = QuestionVC.swift; sourceTree = "<group>"; };
		C88C0B8E1D2D584500C6B9CE /* ResultsVC.swift */ = {isa = PBXFileReference; fileEncoding = 4; lastKnownFileType = sourcecode.swift; path = ResultsVC.swift; sourceTree = "<group>"; };
		C88C0B901D2D618300C6B9CE /* QuestionSet.swift */ = {isa = PBXFileReference; fileEncoding = 4; lastKnownFileType = sourcecode.swift; path = QuestionSet.swift; sourceTree = "<group>"; };
		C8D92CE01D2B339700ABF0A5 /* DataService.swift */ = {isa = PBXFileReference; fileEncoding = 4; lastKnownFileType = sourcecode.swift; path = DataService.swift; sourceTree = "<group>"; };
		C8D92CE31D2BA97D00ABF0A5 /* Constants.swift */ = {isa = PBXFileReference; fileEncoding = 4; lastKnownFileType = sourcecode.swift; path = Constants.swift; sourceTree = "<group>"; };
		C8D92CE51D2BAC5200ABF0A5 /* QuestionCollection.swift */ = {isa = PBXFileReference; fileEncoding = 4; lastKnownFileType = sourcecode.swift; path = QuestionCollection.swift; sourceTree = "<group>"; };
		C8D92CE71D2BCF5B00ABF0A5 /* TableSelectionVC.swift */ = {isa = PBXFileReference; fileEncoding = 4; lastKnownFileType = sourcecode.swift; path = TableSelectionVC.swift; sourceTree = "<group>"; };
		C8D92CE91D2BD43900ABF0A5 /* TableOptionCell.swift */ = {isa = PBXFileReference; fileEncoding = 4; lastKnownFileType = sourcecode.swift; path = TableOptionCell.swift; sourceTree = "<group>"; };
		C8E791E11D2ACE8000A02E03 /* instant-recall.app */ = {isa = PBXFileReference; explicitFileType = wrapper.application; includeInIndex = 0; path = "instant-recall.app"; sourceTree = BUILT_PRODUCTS_DIR; };
		C8E791E41D2ACE8000A02E03 /* AppDelegate.swift */ = {isa = PBXFileReference; lastKnownFileType = sourcecode.swift; path = AppDelegate.swift; sourceTree = "<group>"; };
		C8E791E61D2ACE8000A02E03 /* MainMenuVC.swift */ = {isa = PBXFileReference; lastKnownFileType = sourcecode.swift; path = MainMenuVC.swift; sourceTree = "<group>"; };
		C8E791E91D2ACE8000A02E03 /* Base */ = {isa = PBXFileReference; lastKnownFileType = file.storyboard; name = Base; path = Base.lproj/Main.storyboard; sourceTree = "<group>"; };
		C8E791EB1D2ACE8000A02E03 /* Assets.xcassets */ = {isa = PBXFileReference; lastKnownFileType = folder.assetcatalog; path = Assets.xcassets; sourceTree = "<group>"; };
		C8E791EE1D2ACE8000A02E03 /* Base */ = {isa = PBXFileReference; lastKnownFileType = file.storyboard; name = Base; path = Base.lproj/LaunchScreen.storyboard; sourceTree = "<group>"; };
		C8E791F01D2ACE8000A02E03 /* Info.plist */ = {isa = PBXFileReference; lastKnownFileType = text.plist.xml; path = Info.plist; sourceTree = "<group>"; };
		C8E791F51D2ACE8000A02E03 /* instant-recallTests.xctest */ = {isa = PBXFileReference; explicitFileType = wrapper.cfbundle; includeInIndex = 0; path = "instant-recallTests.xctest"; sourceTree = BUILT_PRODUCTS_DIR; };
		C8E791F91D2ACE8000A02E03 /* instant_recallTests.swift */ = {isa = PBXFileReference; lastKnownFileType = sourcecode.swift; path = instant_recallTests.swift; sourceTree = "<group>"; };
		C8E791FB1D2ACE8000A02E03 /* Info.plist */ = {isa = PBXFileReference; lastKnownFileType = text.plist.xml; path = Info.plist; sourceTree = "<group>"; };
		C8E792001D2ACE8000A02E03 /* instant-recallUITests.xctest */ = {isa = PBXFileReference; explicitFileType = wrapper.cfbundle; includeInIndex = 0; path = "instant-recallUITests.xctest"; sourceTree = BUILT_PRODUCTS_DIR; };
		C8E792041D2ACE8000A02E03 /* instant_recallUITests.swift */ = {isa = PBXFileReference; lastKnownFileType = sourcecode.swift; path = instant_recallUITests.swift; sourceTree = "<group>"; };
		C8E792061D2ACE8000A02E03 /* Info.plist */ = {isa = PBXFileReference; lastKnownFileType = text.plist.xml; path = Info.plist; sourceTree = "<group>"; };
		C8E792121D2AD09C00A02E03 /* GoogleService-Info.plist */ = {isa = PBXFileReference; fileEncoding = 4; lastKnownFileType = text.plist.xml; path = "GoogleService-Info.plist"; sourceTree = "<group>"; };
		C8F6103C1D2C9CE8006F4380 /* ArrayShuffle.swift */ = {isa = PBXFileReference; fileEncoding = 4; lastKnownFileType = sourcecode.swift; path = ArrayShuffle.swift; sourceTree = "<group>"; };
		D2FB5308F9C21CDCC1FF902D /* Pods-instant-recall.release.xcconfig */ = {isa = PBXFileReference; includeInIndex = 1; lastKnownFileType = text.xcconfig; name = "Pods-instant-recall.release.xcconfig"; path = "Pods/Target Support Files/Pods-instant-recall/Pods-instant-recall.release.xcconfig"; sourceTree = "<group>"; };
		F164FE714EB17675CEAFCE12 /* Pods_instant_recallTests.framework */ = {isa = PBXFileReference; explicitFileType = wrapper.framework; includeInIndex = 0; path = Pods_instant_recallTests.framework; sourceTree = BUILT_PRODUCTS_DIR; };
/* End PBXFileReference section */

/* Begin PBXFrameworksBuildPhase section */
		C8E791DE1D2ACE7F00A02E03 /* Frameworks */ = {
			isa = PBXFrameworksBuildPhase;
			buildActionMask = 2147483647;
			files = (
				31F720270C140DECD2CCCA3A /* Pods_instant_recall.framework in Frameworks */,
			);
			runOnlyForDeploymentPostprocessing = 0;
		};
		C8E791F21D2ACE8000A02E03 /* Frameworks */ = {
			isa = PBXFrameworksBuildPhase;
			buildActionMask = 2147483647;
			files = (
				BE39FBFC96386F202D5531A6 /* Pods_instant_recallTests.framework in Frameworks */,
			);
			runOnlyForDeploymentPostprocessing = 0;
		};
		C8E791FD1D2ACE8000A02E03 /* Frameworks */ = {
			isa = PBXFrameworksBuildPhase;
			buildActionMask = 2147483647;
			files = (
				2543650C99DC3FC1759EE57C /* Pods_instant_recallUITests.framework in Frameworks */,
			);
			runOnlyForDeploymentPostprocessing = 0;
		};
/* End PBXFrameworksBuildPhase section */

/* Begin PBXGroup section */
		222744A3ED72EB83AA73850F /* Frameworks */ = {
			isa = PBXGroup;
			children = (
				6F04639103A3056982A6DA7A /* Pods_instant_recall.framework */,
				F164FE714EB17675CEAFCE12 /* Pods_instant_recallTests.framework */,
				BEB171A38C33FF29F9222DED /* Pods_instant_recallUITests.framework */,
			);
			name = Frameworks;
			sourceTree = "<group>";
		};
		C8D92CDC1D2B337100ABF0A5 /* Model */ = {
			isa = PBXGroup;
			children = (
				C88C0B901D2D618300C6B9CE /* QuestionSet.swift */,
			);
			name = Model;
			sourceTree = "<group>";
		};
		C8D92CDD1D2B337600ABF0A5 /* View */ = {
			isa = PBXGroup;
			children = (
				C8D92CE91D2BD43900ABF0A5 /* TableOptionCell.swift */,
			);
			name = View;
			sourceTree = "<group>";
		};
		C8D92CDE1D2B337E00ABF0A5 /* Controller */ = {
			isa = PBXGroup;
			children = (
				C8E791E61D2ACE8000A02E03 /* MainMenuVC.swift */,
				C8D92CE71D2BCF5B00ABF0A5 /* TableSelectionVC.swift */,
				C81B528C1D2BEBC300074D55 /* QuestionVC.swift */,
				C88C0B8E1D2D584500C6B9CE /* ResultsVC.swift */,
			);
			name = Controller;
			sourceTree = "<group>";
		};
		C8D92CDF1D2B338700ABF0A5 /* Service */ = {
			isa = PBXGroup;
			children = (
				C8D92CE01D2B339700ABF0A5 /* DataService.swift */,
				C8D92CE51D2BAC5200ABF0A5 /* QuestionCollection.swift */,
			);
			name = Service;
			sourceTree = "<group>";
		};
		C8D92CE21D2BA96700ABF0A5 /* Util */ = {
			isa = PBXGroup;
			children = (
				C8D92CE31D2BA97D00ABF0A5 /* Constants.swift */,
				C8F6103C1D2C9CE8006F4380 /* ArrayShuffle.swift */,
			);
			name = Util;
			sourceTree = "<group>";
		};
		C8E791D81D2ACE7F00A02E03 = {
			isa = PBXGroup;
			children = (
				C8E791E31D2ACE8000A02E03 /* instant-recall */,
				C8E791F81D2ACE8000A02E03 /* instant-recallTests */,
				C8E792031D2ACE8000A02E03 /* instant-recallUITests */,
				C8E791E21D2ACE8000A02E03 /* Products */,
				D9B204D5E98E2C04D428D497 /* Pods */,
				222744A3ED72EB83AA73850F /* Frameworks */,
			);
			sourceTree = "<group>";
		};
		C8E791E21D2ACE8000A02E03 /* Products */ = {
			isa = PBXGroup;
			children = (
				C8E791E11D2ACE8000A02E03 /* instant-recall.app */,
				C8E791F51D2ACE8000A02E03 /* instant-recallTests.xctest */,
				C8E792001D2ACE8000A02E03 /* instant-recallUITests.xctest */,
			);
			name = Products;
			sourceTree = "<group>";
		};
		C8E791E31D2ACE8000A02E03 /* instant-recall */ = {
			isa = PBXGroup;
			children = (
				C8D92CE21D2BA96700ABF0A5 /* Util */,
				C8D92CDF1D2B338700ABF0A5 /* Service */,
				C8D92CDE1D2B337E00ABF0A5 /* Controller */,
				C8D92CDD1D2B337600ABF0A5 /* View */,
				C8D92CDC1D2B337100ABF0A5 /* Model */,
				C8E791E41D2ACE8000A02E03 /* AppDelegate.swift */,
				C8E791E81D2ACE8000A02E03 /* Main.storyboard */,
				C8E791EB1D2ACE8000A02E03 /* Assets.xcassets */,
				C8E791ED1D2ACE8000A02E03 /* LaunchScreen.storyboard */,
				C8E791F01D2ACE8000A02E03 /* Info.plist */,
				C8E792121D2AD09C00A02E03 /* GoogleService-Info.plist */,
				C8075D481D2D153B00ABACDB /* instant-recall-answers.json */,
			);
			path = "instant-recall";
			sourceTree = "<group>";
		};
		C8E791F81D2ACE8000A02E03 /* instant-recallTests */ = {
			isa = PBXGroup;
			children = (
				C8E791F91D2ACE8000A02E03 /* instant_recallTests.swift */,
				C8E791FB1D2ACE8000A02E03 /* Info.plist */,
			);
			path = "instant-recallTests";
			sourceTree = "<group>";
		};
		C8E792031D2ACE8000A02E03 /* instant-recallUITests */ = {
			isa = PBXGroup;
			children = (
				C8E792041D2ACE8000A02E03 /* instant_recallUITests.swift */,
				C8E792061D2ACE8000A02E03 /* Info.plist */,
			);
			path = "instant-recallUITests";
			sourceTree = "<group>";
		};
		D9B204D5E98E2C04D428D497 /* Pods */ = {
			isa = PBXGroup;
			children = (
				2B6FFFD8C56E7BC0FA020545 /* Pods-instant-recall.debug.xcconfig */,
				D2FB5308F9C21CDCC1FF902D /* Pods-instant-recall.release.xcconfig */,
				3C08C3092EF07CA25A9BDC86 /* Pods-instant-recallTests.debug.xcconfig */,
				A53DC8F33551ADB456331D81 /* Pods-instant-recallTests.release.xcconfig */,
				9760694764C0F3385605A054 /* Pods-instant-recallUITests.debug.xcconfig */,
				47AED7D5A7EFE71B4684E62E /* Pods-instant-recallUITests.release.xcconfig */,
			);
			name = Pods;
			sourceTree = "<group>";
		};
/* End PBXGroup section */

/* Begin PBXNativeTarget section */
		C8E791E01D2ACE7F00A02E03 /* instant-recall */ = {
			isa = PBXNativeTarget;
			buildConfigurationList = C8E792091D2ACE8000A02E03 /* Build configuration list for PBXNativeTarget "instant-recall" */;
			buildPhases = (
				F96D527C7457FB9E27D6A46C /* [CP] Check Pods Manifest.lock */,
				C8E791DD1D2ACE7F00A02E03 /* Sources */,
				C8E791DE1D2ACE7F00A02E03 /* Frameworks */,
				C8E791DF1D2ACE7F00A02E03 /* Resources */,
				3AB63F5F1968F761295042DA /* [CP] Embed Pods Frameworks */,
				297EF0345E5BB7EB20D0C948 /* [CP] Copy Pods Resources */,
			);
			buildRules = (
			);
			dependencies = (
			);
			name = "instant-recall";
			productName = "instant-recall";
			productReference = C8E791E11D2ACE8000A02E03 /* instant-recall.app */;
			productType = "com.apple.product-type.application";
		};
		C8E791F41D2ACE8000A02E03 /* instant-recallTests */ = {
			isa = PBXNativeTarget;
			buildConfigurationList = C8E7920C1D2ACE8000A02E03 /* Build configuration list for PBXNativeTarget "instant-recallTests" */;
			buildPhases = (
				E4F3E81A2FD084E99E35C737 /* [CP] Check Pods Manifest.lock */,
				C8E791F11D2ACE8000A02E03 /* Sources */,
				C8E791F21D2ACE8000A02E03 /* Frameworks */,
				C8E791F31D2ACE8000A02E03 /* Resources */,
				A8463F8BB057370B249CC1ED /* [CP] Embed Pods Frameworks */,
				1B127B9AE69960C591DB8E22 /* [CP] Copy Pods Resources */,
			);
			buildRules = (
			);
			dependencies = (
				C8E791F71D2ACE8000A02E03 /* PBXTargetDependency */,
			);
			name = "instant-recallTests";
			productName = "instant-recallTests";
			productReference = C8E791F51D2ACE8000A02E03 /* instant-recallTests.xctest */;
			productType = "com.apple.product-type.bundle.unit-test";
		};
		C8E791FF1D2ACE8000A02E03 /* instant-recallUITests */ = {
			isa = PBXNativeTarget;
			buildConfigurationList = C8E7920F1D2ACE8000A02E03 /* Build configuration list for PBXNativeTarget "instant-recallUITests" */;
			buildPhases = (
				5D6DB4B142A19EB706FDF2E1 /* [CP] Check Pods Manifest.lock */,
				C8E791FC1D2ACE8000A02E03 /* Sources */,
				C8E791FD1D2ACE8000A02E03 /* Frameworks */,
				C8E791FE1D2ACE8000A02E03 /* Resources */,
				B3F17F77812E0A919B6EBF32 /* [CP] Copy Pods Resources */,
			);
			buildRules = (
			);
			dependencies = (
				C8E792021D2ACE8000A02E03 /* PBXTargetDependency */,
			);
			name = "instant-recallUITests";
			productName = "instant-recallUITests";
			productReference = C8E792001D2ACE8000A02E03 /* instant-recallUITests.xctest */;
			productType = "com.apple.product-type.bundle.ui-testing";
		};
/* End PBXNativeTarget section */

/* Begin PBXProject section */
		C8E791D91D2ACE7F00A02E03 /* Project object */ = {
			isa = PBXProject;
			attributes = {
				LastSwiftUpdateCheck = 0800;
				LastUpgradeCheck = 0800;
				ORGANIZATIONNAME = JustOneJess;
				TargetAttributes = {
					C8E791E01D2ACE7F00A02E03 = {
						CreatedOnToolsVersion = 8.0;
						DevelopmentTeam = E32WVF474V;
						DevelopmentTeamName = "Michael Jessey";
						ProvisioningStyle = Automatic;
					};
					C8E791F41D2ACE8000A02E03 = {
						CreatedOnToolsVersion = 8.0;
						DevelopmentTeam = E32WVF474V;
						DevelopmentTeamName = "Michael Jessey";
						ProvisioningStyle = Automatic;
						TestTargetID = C8E791E01D2ACE7F00A02E03;
					};
					C8E791FF1D2ACE8000A02E03 = {
						CreatedOnToolsVersion = 8.0;
						DevelopmentTeam = E32WVF474V;
						DevelopmentTeamName = "Michael Jessey";
						ProvisioningStyle = Automatic;
						TestTargetID = C8E791E01D2ACE7F00A02E03;
					};
				};
			};
			buildConfigurationList = C8E791DC1D2ACE7F00A02E03 /* Build configuration list for PBXProject "instant-recall" */;
			compatibilityVersion = "Xcode 3.2";
			developmentRegion = English;
			hasScannedForEncodings = 0;
			knownRegions = (
				en,
				Base,
			);
			mainGroup = C8E791D81D2ACE7F00A02E03;
			productRefGroup = C8E791E21D2ACE8000A02E03 /* Products */;
			projectDirPath = "";
			projectRoot = "";
			targets = (
				C8E791E01D2ACE7F00A02E03 /* instant-recall */,
				C8E791F41D2ACE8000A02E03 /* instant-recallTests */,
				C8E791FF1D2ACE8000A02E03 /* instant-recallUITests */,
			);
		};
/* End PBXProject section */

/* Begin PBXResourcesBuildPhase section */
		C8E791DF1D2ACE7F00A02E03 /* Resources */ = {
			isa = PBXResourcesBuildPhase;
			buildActionMask = 2147483647;
			files = (
				C8075D491D2D153B00ABACDB /* instant-recall-answers.json in Resources */,
				C8E792131D2AD09C00A02E03 /* GoogleService-Info.plist in Resources */,
				C8E791EF1D2ACE8000A02E03 /* LaunchScreen.storyboard in Resources */,
				C8E791EC1D2ACE8000A02E03 /* Assets.xcassets in Resources */,
				C8E791EA1D2ACE8000A02E03 /* Main.storyboard in Resources */,
			);
			runOnlyForDeploymentPostprocessing = 0;
		};
		C8E791F31D2ACE8000A02E03 /* Resources */ = {
			isa = PBXResourcesBuildPhase;
			buildActionMask = 2147483647;
			files = (
			);
			runOnlyForDeploymentPostprocessing = 0;
		};
		C8E791FE1D2ACE8000A02E03 /* Resources */ = {
			isa = PBXResourcesBuildPhase;
			buildActionMask = 2147483647;
			files = (
			);
			runOnlyForDeploymentPostprocessing = 0;
		};
/* End PBXResourcesBuildPhase section */

/* Begin PBXShellScriptBuildPhase section */
		1B127B9AE69960C591DB8E22 /* [CP] Copy Pods Resources */ = {
			isa = PBXShellScriptBuildPhase;
			buildActionMask = 2147483647;
			files = (
			);
			inputPaths = (
			);
			name = "[CP] Copy Pods Resources";
			outputPaths = (
			);
			runOnlyForDeploymentPostprocessing = 0;
			shellPath = /bin/sh;
			shellScript = "\"${SRCROOT}/Pods/Target Support Files/Pods-instant-recallTests/Pods-instant-recallTests-resources.sh\"\n";
			showEnvVarsInLog = 0;
		};
		297EF0345E5BB7EB20D0C948 /* [CP] Copy Pods Resources */ = {
			isa = PBXShellScriptBuildPhase;
			buildActionMask = 2147483647;
			files = (
			);
			inputPaths = (
			);
			name = "[CP] Copy Pods Resources";
			outputPaths = (
			);
			runOnlyForDeploymentPostprocessing = 0;
			shellPath = /bin/sh;
			shellScript = "\"${SRCROOT}/Pods/Target Support Files/Pods-instant-recall/Pods-instant-recall-resources.sh\"\n";
			showEnvVarsInLog = 0;
		};
		3AB63F5F1968F761295042DA /* [CP] Embed Pods Frameworks */ = {
			isa = PBXShellScriptBuildPhase;
			buildActionMask = 2147483647;
			files = (
			);
			inputPaths = (
			);
			name = "[CP] Embed Pods Frameworks";
			outputPaths = (
			);
			runOnlyForDeploymentPostprocessing = 0;
			shellPath = /bin/sh;
			shellScript = "\"${SRCROOT}/Pods/Target Support Files/Pods-instant-recall/Pods-instant-recall-frameworks.sh\"\n";
			showEnvVarsInLog = 0;
		};
		5D6DB4B142A19EB706FDF2E1 /* [CP] Check Pods Manifest.lock */ = {
			isa = PBXShellScriptBuildPhase;
			buildActionMask = 2147483647;
			files = (
			);
			inputPaths = (
			);
			name = "[CP] Check Pods Manifest.lock";
			outputPaths = (
			);
			runOnlyForDeploymentPostprocessing = 0;
			shellPath = /bin/sh;
			shellScript = "diff \"${PODS_ROOT}/../Podfile.lock\" \"${PODS_ROOT}/Manifest.lock\" > /dev/null\nif [[ $? != 0 ]] ; then\n    cat << EOM\nerror: The sandbox is not in sync with the Podfile.lock. Run 'pod install' or update your CocoaPods installation.\nEOM\n    exit 1\nfi\n";
			showEnvVarsInLog = 0;
		};
		A8463F8BB057370B249CC1ED /* [CP] Embed Pods Frameworks */ = {
			isa = PBXShellScriptBuildPhase;
			buildActionMask = 2147483647;
			files = (
			);
			inputPaths = (
			);
			name = "[CP] Embed Pods Frameworks";
			outputPaths = (
			);
			runOnlyForDeploymentPostprocessing = 0;
			shellPath = /bin/sh;
			shellScript = "\"${SRCROOT}/Pods/Target Support Files/Pods-instant-recallTests/Pods-instant-recallTests-frameworks.sh\"\n";
			showEnvVarsInLog = 0;
		};
		B3F17F77812E0A919B6EBF32 /* [CP] Copy Pods Resources */ = {
			isa = PBXShellScriptBuildPhase;
			buildActionMask = 2147483647;
			files = (
			);
			inputPaths = (
			);
			name = "[CP] Copy Pods Resources";
			outputPaths = (
			);
			runOnlyForDeploymentPostprocessing = 0;
			shellPath = /bin/sh;
			shellScript = "\"${SRCROOT}/Pods/Target Support Files/Pods-instant-recallUITests/Pods-instant-recallUITests-resources.sh\"\n";
			showEnvVarsInLog = 0;
		};
		E4F3E81A2FD084E99E35C737 /* [CP] Check Pods Manifest.lock */ = {
			isa = PBXShellScriptBuildPhase;
			buildActionMask = 2147483647;
			files = (
			);
			inputPaths = (
			);
			name = "[CP] Check Pods Manifest.lock";
			outputPaths = (
			);
			runOnlyForDeploymentPostprocessing = 0;
			shellPath = /bin/sh;
			shellScript = "diff \"${PODS_ROOT}/../Podfile.lock\" \"${PODS_ROOT}/Manifest.lock\" > /dev/null\nif [[ $? != 0 ]] ; then\n    cat << EOM\nerror: The sandbox is not in sync with the Podfile.lock. Run 'pod install' or update your CocoaPods installation.\nEOM\n    exit 1\nfi\n";
			showEnvVarsInLog = 0;
		};
		F96D527C7457FB9E27D6A46C /* [CP] Check Pods Manifest.lock */ = {
			isa = PBXShellScriptBuildPhase;
			buildActionMask = 2147483647;
			files = (
			);
			inputPaths = (
			);
			name = "[CP] Check Pods Manifest.lock";
			outputPaths = (
			);
			runOnlyForDeploymentPostprocessing = 0;
			shellPath = /bin/sh;
			shellScript = "diff \"${PODS_ROOT}/../Podfile.lock\" \"${PODS_ROOT}/Manifest.lock\" > /dev/null\nif [[ $? != 0 ]] ; then\n    cat << EOM\nerror: The sandbox is not in sync with the Podfile.lock. Run 'pod install' or update your CocoaPods installation.\nEOM\n    exit 1\nfi\n";
			showEnvVarsInLog = 0;
		};
/* End PBXShellScriptBuildPhase section */

/* Begin PBXSourcesBuildPhase section */
		C8E791DD1D2ACE7F00A02E03 /* Sources */ = {
			isa = PBXSourcesBuildPhase;
			buildActionMask = 2147483647;
			files = (
				C8F6103D1D2C9CE8006F4380 /* ArrayShuffle.swift in Sources */,
				C8D92CE61D2BAC5200ABF0A5 /* QuestionCollection.swift in Sources */,
				C8D92CEA1D2BD43900ABF0A5 /* TableOptionCell.swift in Sources */,
				C88C0B8F1D2D584500C6B9CE /* ResultsVC.swift in Sources */,
				C8D92CE11D2B339700ABF0A5 /* DataService.swift in Sources */,
				C8D92CE81D2BCF5B00ABF0A5 /* TableSelectionVC.swift in Sources */,
				C81B528D1D2BEBC300074D55 /* QuestionVC.swift in Sources */,
				C8E791E71D2ACE8000A02E03 /* MainMenuVC.swift in Sources */,
				C88C0B911D2D618300C6B9CE /* QuestionSet.swift in Sources */,
				C8E791E51D2ACE8000A02E03 /* AppDelegate.swift in Sources */,
				C8D92CE41D2BA97D00ABF0A5 /* Constants.swift in Sources */,
			);
			runOnlyForDeploymentPostprocessing = 0;
		};
		C8E791F11D2ACE8000A02E03 /* Sources */ = {
			isa = PBXSourcesBuildPhase;
			buildActionMask = 2147483647;
			files = (
				C8E791FA1D2ACE8000A02E03 /* instant_recallTests.swift in Sources */,
			);
			runOnlyForDeploymentPostprocessing = 0;
		};
		C8E791FC1D2ACE8000A02E03 /* Sources */ = {
			isa = PBXSourcesBuildPhase;
			buildActionMask = 2147483647;
			files = (
				C8E792051D2ACE8000A02E03 /* instant_recallUITests.swift in Sources */,
			);
			runOnlyForDeploymentPostprocessing = 0;
		};
/* End PBXSourcesBuildPhase section */

/* Begin PBXTargetDependency section */
		C8E791F71D2ACE8000A02E03 /* PBXTargetDependency */ = {
			isa = PBXTargetDependency;
			target = C8E791E01D2ACE7F00A02E03 /* instant-recall */;
			targetProxy = C8E791F61D2ACE8000A02E03 /* PBXContainerItemProxy */;
		};
		C8E792021D2ACE8000A02E03 /* PBXTargetDependency */ = {
			isa = PBXTargetDependency;
			target = C8E791E01D2ACE7F00A02E03 /* instant-recall */;
			targetProxy = C8E792011D2ACE8000A02E03 /* PBXContainerItemProxy */;
		};
/* End PBXTargetDependency section */

/* Begin PBXVariantGroup section */
		C8E791E81D2ACE8000A02E03 /* Main.storyboard */ = {
			isa = PBXVariantGroup;
			children = (
				C8E791E91D2ACE8000A02E03 /* Base */,
			);
			name = Main.storyboard;
			sourceTree = "<group>";
		};
		C8E791ED1D2ACE8000A02E03 /* LaunchScreen.storyboard */ = {
			isa = PBXVariantGroup;
			children = (
				C8E791EE1D2ACE8000A02E03 /* Base */,
			);
			name = LaunchScreen.storyboard;
			sourceTree = "<group>";
		};
/* End PBXVariantGroup section */

/* Begin XCBuildConfiguration section */
		C8E792071D2ACE8000A02E03 /* Debug */ = {
			isa = XCBuildConfiguration;
			buildSettings = {
				ALWAYS_SEARCH_USER_PATHS = NO;
				CLANG_ANALYZER_NONNULL = YES;
				CLANG_CXX_LANGUAGE_STANDARD = "gnu++0x";
				CLANG_CXX_LIBRARY = "libc++";
				CLANG_ENABLE_MODULES = YES;
				CLANG_ENABLE_OBJC_ARC = YES;
				CLANG_WARN_BOOL_CONVERSION = YES;
				CLANG_WARN_CONSTANT_CONVERSION = YES;
				CLANG_WARN_DIRECT_OBJC_ISA_USAGE = YES_ERROR;
				CLANG_WARN_DOCUMENTATION_COMMENTS = YES;
				CLANG_WARN_EMPTY_BODY = YES;
				CLANG_WARN_ENUM_CONVERSION = YES;
				CLANG_WARN_INT_CONVERSION = YES;
				CLANG_WARN_OBJC_ROOT_CLASS = YES_ERROR;
				CLANG_WARN_UNREACHABLE_CODE = YES;
				CLANG_WARN__DUPLICATE_METHOD_MATCH = YES;
				"CODE_SIGN_IDENTITY[sdk=iphoneos*]" = "iPhone Developer";
				COPY_PHASE_STRIP = NO;
				DEBUG_INFORMATION_FORMAT = dwarf;
				ENABLE_STRICT_OBJC_MSGSEND = YES;
				ENABLE_TESTABILITY = YES;
				GCC_C_LANGUAGE_STANDARD = gnu99;
				GCC_DYNAMIC_NO_PIC = NO;
				GCC_NO_COMMON_BLOCKS = YES;
				GCC_OPTIMIZATION_LEVEL = 0;
				GCC_PREPROCESSOR_DEFINITIONS = (
					"DEBUG=1",
					"$(inherited)",
				);
				GCC_WARN_64_TO_32_BIT_CONVERSION = YES;
				GCC_WARN_ABOUT_RETURN_TYPE = YES_ERROR;
				GCC_WARN_UNDECLARED_SELECTOR = YES;
				GCC_WARN_UNINITIALIZED_AUTOS = YES_AGGRESSIVE;
				GCC_WARN_UNUSED_FUNCTION = YES;
				GCC_WARN_UNUSED_VARIABLE = YES;
				IPHONEOS_DEPLOYMENT_TARGET = 10.0;
				MTL_ENABLE_DEBUG_INFO = YES;
				ONLY_ACTIVE_ARCH = YES;
				SDKROOT = iphoneos;
				SWIFT_ACTIVE_COMPILATION_CONDITIONS = DEBUG;
				SWIFT_OPTIMIZATION_LEVEL = "-Onone";
				TARGETED_DEVICE_FAMILY = "1,2";
			};
			name = Debug;
		};
		C8E792081D2ACE8000A02E03 /* Release */ = {
			isa = XCBuildConfiguration;
			buildSettings = {
				ALWAYS_SEARCH_USER_PATHS = NO;
				CLANG_ANALYZER_NONNULL = YES;
				CLANG_CXX_LANGUAGE_STANDARD = "gnu++0x";
				CLANG_CXX_LIBRARY = "libc++";
				CLANG_ENABLE_MODULES = YES;
				CLANG_ENABLE_OBJC_ARC = YES;
				CLANG_WARN_BOOL_CONVERSION = YES;
				CLANG_WARN_CONSTANT_CONVERSION = YES;
				CLANG_WARN_DIRECT_OBJC_ISA_USAGE = YES_ERROR;
				CLANG_WARN_DOCUMENTATION_COMMENTS = YES;
				CLANG_WARN_EMPTY_BODY = YES;
				CLANG_WARN_ENUM_CONVERSION = YES;
				CLANG_WARN_INT_CONVERSION = YES;
				CLANG_WARN_OBJC_ROOT_CLASS = YES_ERROR;
				CLANG_WARN_UNREACHABLE_CODE = YES;
				CLANG_WARN__DUPLICATE_METHOD_MATCH = YES;
				"CODE_SIGN_IDENTITY[sdk=iphoneos*]" = "iPhone Developer";
				COPY_PHASE_STRIP = NO;
				DEBUG_INFORMATION_FORMAT = "dwarf-with-dsym";
				ENABLE_NS_ASSERTIONS = NO;
				ENABLE_STRICT_OBJC_MSGSEND = YES;
				GCC_C_LANGUAGE_STANDARD = gnu99;
				GCC_NO_COMMON_BLOCKS = YES;
				GCC_WARN_64_TO_32_BIT_CONVERSION = YES;
				GCC_WARN_ABOUT_RETURN_TYPE = YES_ERROR;
				GCC_WARN_UNDECLARED_SELECTOR = YES;
				GCC_WARN_UNINITIALIZED_AUTOS = YES_AGGRESSIVE;
				GCC_WARN_UNUSED_FUNCTION = YES;
				GCC_WARN_UNUSED_VARIABLE = YES;
				IPHONEOS_DEPLOYMENT_TARGET = 10.0;
				MTL_ENABLE_DEBUG_INFO = NO;
				SDKROOT = iphoneos;
				SWIFT_OPTIMIZATION_LEVEL = "-Owholemodule";
				TARGETED_DEVICE_FAMILY = "1,2";
				VALIDATE_PRODUCT = YES;
			};
			name = Release;
		};
		C8E7920A1D2ACE8000A02E03 /* Debug */ = {
			isa = XCBuildConfiguration;
			baseConfigurationReference = 2B6FFFD8C56E7BC0FA020545 /* Pods-instant-recall.debug.xcconfig */;
			buildSettings = {
				ASSETCATALOG_COMPILER_APPICON_NAME = AppIcon;
				INFOPLIST_FILE = "instant-recall/Info.plist";
				LD_RUNPATH_SEARCH_PATHS = "$(inherited) @executable_path/Frameworks";
				PRODUCT_BUNDLE_IDENTIFIER = "com.justonejess.instant-recall";
				PRODUCT_NAME = "$(TARGET_NAME)";
				SWIFT_VERSION = 3.0;
			};
			name = Debug;
		};
		C8E7920B1D2ACE8000A02E03 /* Release */ = {
			isa = XCBuildConfiguration;
			baseConfigurationReference = D2FB5308F9C21CDCC1FF902D /* Pods-instant-recall.release.xcconfig */;
			buildSettings = {
				ASSETCATALOG_COMPILER_APPICON_NAME = AppIcon;
				INFOPLIST_FILE = "instant-recall/Info.plist";
				LD_RUNPATH_SEARCH_PATHS = "$(inherited) @executable_path/Frameworks";
				PRODUCT_BUNDLE_IDENTIFIER = "com.justonejess.instant-recall";
				PRODUCT_NAME = "$(TARGET_NAME)";
				SWIFT_VERSION = 3.0;
			};
			name = Release;
		};
		C8E7920D1D2ACE8000A02E03 /* Debug */ = {
			isa = XCBuildConfiguration;
			baseConfigurationReference = 3C08C3092EF07CA25A9BDC86 /* Pods-instant-recallTests.debug.xcconfig */;
			buildSettings = {
				BUNDLE_LOADER = "$(TEST_HOST)";
				INFOPLIST_FILE = "instant-recallTests/Info.plist";
				LD_RUNPATH_SEARCH_PATHS = "$(inherited) @executable_path/Frameworks @loader_path/Frameworks";
				PRODUCT_BUNDLE_IDENTIFIER = "com.justonejess.instant-recallTests";
				PRODUCT_NAME = "$(TARGET_NAME)";
				SWIFT_VERSION = 3.0;
				TEST_HOST = "$(BUILT_PRODUCTS_DIR)/instant-recall.app/instant-recall";
			};
			name = Debug;
		};
		C8E7920E1D2ACE8000A02E03 /* Release */ = {
			isa = XCBuildConfiguration;
			baseConfigurationReference = A53DC8F33551ADB456331D81 /* Pods-instant-recallTests.release.xcconfig */;
			buildSettings = {
				BUNDLE_LOADER = "$(TEST_HOST)";
				INFOPLIST_FILE = "instant-recallTests/Info.plist";
				LD_RUNPATH_SEARCH_PATHS = "$(inherited) @executable_path/Frameworks @loader_path/Frameworks";
				PRODUCT_BUNDLE_IDENTIFIER = "com.justonejess.instant-recallTests";
				PRODUCT_NAME = "$(TARGET_NAME)";
				SWIFT_VERSION = 3.0;
				TEST_HOST = "$(BUILT_PRODUCTS_DIR)/instant-recall.app/instant-recall";
			};
			name = Release;
		};
		C8E792101D2ACE8000A02E03 /* Debug */ = {
			isa = XCBuildConfiguration;
			baseConfigurationReference = 9760694764C0F3385605A054 /* Pods-instant-recallUITests.debug.xcconfig */;
			buildSettings = {
				INFOPLIST_FILE = "instant-recallUITests/Info.plist";
				LD_RUNPATH_SEARCH_PATHS = "$(inherited) @executable_path/Frameworks @loader_path/Frameworks";
				PRODUCT_BUNDLE_IDENTIFIER = "com.justonejess.instant-recallUITests";
				PRODUCT_NAME = "$(TARGET_NAME)";
				SWIFT_VERSION = 3.0;
				TEST_TARGET_NAME = "instant-recall";
			};
			name = Debug;
		};
		C8E792111D2ACE8000A02E03 /* Release */ = {
			isa = XCBuildConfiguration;
			baseConfigurationReference = 47AED7D5A7EFE71B4684E62E /* Pods-instant-recallUITests.release.xcconfig */;
			buildSettings = {
				INFOPLIST_FILE = "instant-recallUITests/Info.plist";
				LD_RUNPATH_SEARCH_PATHS = "$(inherited) @executable_path/Frameworks @loader_path/Frameworks";
				PRODUCT_BUNDLE_IDENTIFIER = "com.justonejess.instant-recallUITests";
				PRODUCT_NAME = "$(TARGET_NAME)";
				SWIFT_VERSION = 3.0;
				TEST_TARGET_NAME = "instant-recall";
			};
			name = Release;
		};
/* End XCBuildConfiguration section */

/* Begin XCConfigurationList section */
		C8E791DC1D2ACE7F00A02E03 /* Build configuration list for PBXProject "instant-recall" */ = {
			isa = XCConfigurationList;
			buildConfigurations = (
				C8E792071D2ACE8000A02E03 /* Debug */,
				C8E792081D2ACE8000A02E03 /* Release */,
			);
			defaultConfigurationIsVisible = 0;
			defaultConfigurationName = Release;
		};
		C8E792091D2ACE8000A02E03 /* Build configuration list for PBXNativeTarget "instant-recall" */ = {
			isa = XCConfigurationList;
			buildConfigurations = (
				C8E7920A1D2ACE8000A02E03 /* Debug */,
				C8E7920B1D2ACE8000A02E03 /* Release */,
			);
			defaultConfigurationIsVisible = 0;
			defaultConfigurationName = Release;
		};
		C8E7920C1D2ACE8000A02E03 /* Build configuration list for PBXNativeTarget "instant-recallTests" */ = {
			isa = XCConfigurationList;
			buildConfigurations = (
				C8E7920D1D2ACE8000A02E03 /* Debug */,
				C8E7920E1D2ACE8000A02E03 /* Release */,
			);
			defaultConfigurationIsVisible = 0;
			defaultConfigurationName = Release;
		};
		C8E7920F1D2ACE8000A02E03 /* Build configuration list for PBXNativeTarget "instant-recallUITests" */ = {
			isa = XCConfigurationList;
			buildConfigurations = (
				C8E792101D2ACE8000A02E03 /* Debug */,
				C8E792111D2ACE8000A02E03 /* Release */,
			);
			defaultConfigurationIsVisible = 0;
			defaultConfigurationName = Release;
		};
/* End XCConfigurationList section */
	};
	rootObject = C8E791D91D2ACE7F00A02E03 /* Project object */;
}
